
Microsoft Visual Studio Solution File, Format Version 12.00
# Visual Studio Version 17
VisualStudioVersion = 17.7.34031.279
MinimumVisualStudioVersion = 10.0.40219.1
Project("{FAE04EC0-301F-11D3-BF4B-00C04F79EFBC}") = "ProjectIS", "ProjectIS\ProjectIS.csproj", "{4E06CAEF-00E5-4FF9-9EC9-5CCCD9FCE79E}"
EndProject
Global
	GlobalSection(SolutionConfigurationPlatforms) = preSolution
		Debug|Any CPU = Debug|Any CPU
		Release|Any CPU = Release|Any CPU
	EndGlobalSection
	GlobalSection(ProjectConfigurationPlatforms) = postSolution
		{4E06CAEF-00E5-4FF9-9EC9-5CCCD9FCE79E}.Debug|Any CPU.ActiveCfg = Debug|Any CPU
		{4E06CAEF-00E5-4FF9-9EC9-5CCCD9FCE79E}.Debug|Any CPU.Build.0 = Debug|Any CPU
		{4E06CAEF-00E5-4FF9-9EC9-5CCCD9FCE79E}.Release|Any CPU.ActiveCfg = Release|Any CPU
		{4E06CAEF-00E5-4FF9-9EC9-5CCCD9FCE79E}.Release|Any CPU.Build.0 = Release|Any CPU
	EndGlobalSection
	GlobalSection(SolutionProperties) = preSolution
		HideSolutionNode = FALSE
	EndGlobalSection
	GlobalSection(ExtensibilityGlobals) = postSolution
		SolutionGuid = {FCB34EEE-083C-4745-A4CE-1C5777CBC9F7}
	EndGlobalSection
EndGlobal
